{
  "version": 4,
  "terraform_version": "1.3.5",
  "serial": 12,
  "lineage": "8adeebb9-c96b-6dac-1d43-59be06b9dbcb",
  "outputs": {
    "lamp_server_url": {
      "value": "http://52.90.5.222:80",
      "type": "string"
    },
    "ssh_lamp_server_command": {
      "value": "ssh -i lamp_key_pair.pem ec2-user@ec2-52-90-5-222.compute-1.amazonaws.com",
      "type": "string"
    }
  },
  "resources": [
    {
      "mode": "data",
      "type": "aws_ami",
      "name": "amazon_linux_2",
      "provider": "provider[\"registry.terraform.io/hashicorp/aws\"]",
      "instances": [
        {
          "schema_version": 0,
          "attributes": {
            "architecture": "x86_64",
            "arn": "arn:aws:ec2:us-east-1::image/ami-0f96c63e39f9144bc",
            "block_device_mappings": [
              {
                "device_name": "/dev/xvda",
                "ebs": {
                  "delete_on_termination": "true",
                  "encrypted": "false",
                  "iops": "0",
                  "snapshot_id": "snap-0d71ec70b1fedae5a",
                  "throughput": "0",
                  "volume_size": "8",
                  "volume_type": "gp2"
                },
                "no_device": "",
                "virtual_name": ""
              }
            ],
            "boot_mode": "",
            "creation_date": "2024-07-10T02:09:15.000Z",
            "deprecation_time": "2025-07-01T00:00:00.000Z",
            "description": "Amazon Linux 2 AMI 2.0.20240709.1 x86_64 HVM gp2",
            "ena_support": true,
            "executable_users": null,
            "filter": [
              {
                "name": "name",
                "values": [
                  "amzn2-ami-hvm*"
                ]
              },
              {
                "name": "owner-alias",
                "values": [
                  "amazon"
                ]
              }
            ],
            "hypervisor": "xen",
            "id": "ami-0f96c63e39f9144bc",
            "image_id": "ami-0f96c63e39f9144bc",
            "image_location": "amazon/amzn2-ami-hvm-2.0.20240709.1-x86_64-gp2",
            "image_owner_alias": "amazon",
            "image_type": "machine",
            "imds_support": "",
            "include_deprecated": false,
            "kernel_id": "",
            "most_recent": true,
            "name": "amzn2-ami-hvm-2.0.20240709.1-x86_64-gp2",
            "name_regex": null,
            "owner_id": "137112412989",
            "owners": [
              "amazon"
            ],
            "platform": "",
            "platform_details": "Linux/UNIX",
            "product_codes": [],
            "public": true,
            "ramdisk_id": "",
            "root_device_name": "/dev/xvda",
            "root_device_type": "ebs",
            "root_snapshot_id": "snap-0d71ec70b1fedae5a",
            "sriov_net_support": "simple",
            "state": "available",
            "state_reason": {
              "code": "UNSET",
              "message": "UNSET"
            },
            "tags": {},
            "timeouts": null,
            "tpm_support": "",
            "usage_operation": "RunInstances",
            "virtualization_type": "hvm"
          },
          "sensitive_attributes": []
        }
      ]
    },
    {
      "mode": "managed",
      "type": "aws_instance",
      "name": "lamp_server",
      "provider": "provider[\"registry.terraform.io/hashicorp/aws\"]",
      "instances": [
        {
          "schema_version": 1,
          "attributes": {
            "ami": "ami-0f96c63e39f9144bc",
            "arn": "arn:aws:ec2:us-east-1:307806086771:instance/i-0b3bb3232bb514936",
            "associate_public_ip_address": true,
            "availability_zone": "us-east-1d",
            "capacity_reservation_specification": [
              {
                "capacity_reservation_preference": "open",
                "capacity_reservation_target": []
              }
            ],
            "cpu_core_count": 1,
            "cpu_options": [
              {
                "amd_sev_snp": "",
                "core_count": 1,
                "threads_per_core": 1
              }
            ],
            "cpu_threads_per_core": 1,
            "credit_specification": [
              {
                "cpu_credits": "standard"
              }
            ],
            "disable_api_stop": false,
            "disable_api_termination": false,
            "ebs_block_device": [],
            "ebs_optimized": false,
            "enclave_options": [
              {
                "enabled": false
              }
            ],
            "ephemeral_block_device": [],
            "get_password_data": false,
            "hibernation": false,
            "host_id": "",
            "host_resource_group_arn": null,
            "iam_instance_profile": "",
            "id": "i-0b3bb3232bb514936",
            "instance_initiated_shutdown_behavior": "stop",
            "instance_lifecycle": "",
            "instance_market_options": [],
            "instance_state": "running",
            "instance_type": "t2.micro",
            "ipv6_address_count": 0,
            "ipv6_addresses": [],
            "key_name": "lamp_key_pair",
            "launch_template": [],
            "maintenance_options": [
              {
                "auto_recovery": "default"
              }
            ],
            "metadata_options": [
              {
                "http_endpoint": "enabled",
                "http_protocol_ipv6": "disabled",
                "http_put_response_hop_limit": 1,
                "http_tokens": "optional",
                "instance_metadata_tags": "disabled"
              }
            ],
            "monitoring": false,
            "network_interface": [],
            "outpost_arn": "",
            "password_data": "",
            "placement_group": "",
            "placement_partition_number": 0,
            "primary_network_interface_id": "eni-0a8ce61b069d17c5c",
            "private_dns": "ip-10-0-1-132.ec2.internal",
            "private_dns_name_options": [
              {
                "enable_resource_name_dns_a_record": false,
                "enable_resource_name_dns_aaaa_record": false,
                "hostname_type": "ip-name"
              }
            ],
            "private_ip": "10.0.1.132",
            "public_dns": "ec2-52-90-5-222.compute-1.amazonaws.com",
            "public_ip": "52.90.5.222",
            "root_block_device": [
              {
                "delete_on_termination": true,
                "device_name": "/dev/xvda",
                "encrypted": false,
                "iops": 100,
                "kms_key_id": "",
                "tags": {},
                "tags_all": {},
                "throughput": 0,
                "volume_id": "vol-057337d916a98a7d3",
                "volume_size": 8,
                "volume_type": "gp2"
              }
            ],
            "secondary_private_ips": [],
            "security_groups": [],
            "source_dest_check": true,
            "spot_instance_request_id": "",
            "subnet_id": "subnet-0c9186a2b4fc59bd7",
            "tags": {
              "Environment": "dev",
              "Name": "Lamp stack"
            },
            "tags_all": {
              "Environment": "dev",
              "Name": "Lamp stack"
            },
            "tenancy": "default",
            "timeouts": null,
            "user_data": "8323204dd26988888520c1d456833dd541015ff5",
            "user_data_base64": null,
            "user_data_replace_on_change": false,
            "volume_tags": null,
            "vpc_security_group_ids": [
              "sg-0635a68be8bf25943"
            ]
          },
          "sensitive_attributes": [],
          "private": "eyJlMmJmYjczMC1lY2FhLTExZTYtOGY4OC0zNDM2M2JjN2M0YzAiOnsiY3JlYXRlIjo2MDAwMDAwMDAwMDAsImRlbGV0ZSI6MTIwMDAwMDAwMDAwMCwicmVhZCI6OTAwMDAwMDAwMDAwLCJ1cGRhdGUiOjYwMDAwMDAwMDAwMH0sInNjaGVtYV92ZXJzaW9uIjoiMSJ9",
          "dependencies": [
            "aws_key_pair.lamp_key",
            "aws_security_group.lamp-sg",
            "aws_subnet.lamp-subnet",
            "aws_vpc.lamp-vpc",
            "data.aws_ami.amazon_linux_2",
            "tls_private_key.lamp_key"
          ]
        }
      ]
    },
    {
      "mode": "managed",
      "type": "aws_internet_gateway",
      "name": "igw",
      "provider": "provider[\"registry.terraform.io/hashicorp/aws\"]",
      "instances": [
        {
          "schema_version": 0,
          "attributes": {
            "arn": "arn:aws:ec2:us-east-1:307806086771:internet-gateway/igw-0d70f8858d691e186",
            "id": "igw-0d70f8858d691e186",
            "owner_id": "307806086771",
            "tags": {
              "Name": "Lamp IGW"
            },
            "tags_all": {
              "Name": "Lamp IGW"
            },
            "timeouts": null,
            "vpc_id": "vpc-062074f0f4f97c8bd"
          },
          "sensitive_attributes": [],
          "private": "eyJlMmJmYjczMC1lY2FhLTExZTYtOGY4OC0zNDM2M2JjN2M0YzAiOnsiY3JlYXRlIjoxMjAwMDAwMDAwMDAwLCJkZWxldGUiOjEyMDAwMDAwMDAwMDAsInVwZGF0ZSI6MTIwMDAwMDAwMDAwMH19",
          "dependencies": [
            "aws_vpc.lamp-vpc"
          ]
        }
      ]
    },
    {
      "mode": "managed",
      "type": "aws_key_pair",
      "name": "lamp_key",
      "provider": "provider[\"registry.terraform.io/hashicorp/aws\"]",
      "instances": [
        {
          "schema_version": 1,
          "attributes": {
            "arn": "arn:aws:ec2:us-east-1:307806086771:key-pair/lamp_key_pair",
            "fingerprint": "d9:c3:67:2c:97:74:ba:cf:ec:6f:e8:91:e4:4b:ac:06",
            "id": "lamp_key_pair",
            "key_name": "lamp_key_pair",
            "key_name_prefix": "",
            "key_pair_id": "key-08f52b41645230cc0",
            "key_type": "rsa",
            "public_key": "ssh-rsa AAAAB3NzaC1yc2EAAAADAQABAAABAQDTZkXi3a0puPaNN59CL2eZKIY6m29vysM9FZHxKvUKmvnhHDQq6Dnf3hvuDi9dBrxzfUtg+vCu769LU0uOqPWXucMUHQH5oM1ARY9/eyKIepnbtx6djqO460iusOfKe6UZCfxgRFZiV0X8Nfeod4cYO8cMDa7cCpPZtf0dsERRkZifT6mPosAxRxIj6npPp44Dj+JAvP0ogb8c7s0KElJf0rCyhsJkHqZJ88GJDgwjwS9FDaPcf4f3ABqPsSjlhsw+GoRlVx8a6cSCA/kZVvmoSz7fCg2uXnFFojJ/bYGRy8JbhXi2xPZj1390mbxSsxBvNRMa861+300sF1PLQKXP",
            "tags": null,
            "tags_all": {}
          },
          "sensitive_attributes": [],
          "private": "eyJzY2hlbWFfdmVyc2lvbiI6IjEifQ==",
          "dependencies": [
            "tls_private_key.lamp_key"
          ]
        }
      ]
    },
    {
      "mode": "managed",
      "type": "aws_route_table",
      "name": "web-rt",
      "provider": "provider[\"registry.terraform.io/hashicorp/aws\"]",
      "instances": [
        {
          "schema_version": 0,
          "attributes": {
            "arn": "arn:aws:ec2:us-east-1:307806086771:route-table/rtb-0ed54778d7efa0e1d",
            "id": "rtb-0ed54778d7efa0e1d",
            "owner_id": "307806086771",
            "propagating_vgws": [],
            "route": [
              {
                "carrier_gateway_id": "",
                "cidr_block": "0.0.0.0/0",
                "core_network_arn": "",
                "destination_prefix_list_id": "",
                "egress_only_gateway_id": "",
                "gateway_id": "igw-0d70f8858d691e186",
                "ipv6_cidr_block": "",
                "local_gateway_id": "",
                "nat_gateway_id": "",
                "network_interface_id": "",
                "transit_gateway_id": "",
                "vpc_endpoint_id": "",
                "vpc_peering_connection_id": ""
              }
            ],
            "tags": {
              "Name": "lamp WebRT"
            },
            "tags_all": {
              "Name": "lamp WebRT"
            },
            "timeouts": null,
            "vpc_id": "vpc-062074f0f4f97c8bd"
          },
          "sensitive_attributes": [],
          "private": "eyJlMmJmYjczMC1lY2FhLTExZTYtOGY4OC0zNDM2M2JjN2M0YzAiOnsiY3JlYXRlIjozMDAwMDAwMDAwMDAsImRlbGV0ZSI6MzAwMDAwMDAwMDAwLCJ1cGRhdGUiOjEyMDAwMDAwMDAwMH19",
          "dependencies": [
            "aws_internet_gateway.igw",
            "aws_vpc.lamp-vpc"
          ]
        }
      ]
    },
    {
      "mode": "managed",
      "type": "aws_route_table_association",
      "name": "a",
      "provider": "provider[\"registry.terraform.io/hashicorp/aws\"]",
      "instances": [
        {
          "schema_version": 0,
          "attributes": {
            "gateway_id": "",
            "id": "rtbassoc-0ae4cac51ed7fd95c",
            "route_table_id": "rtb-0ed54778d7efa0e1d",
            "subnet_id": "subnet-0c9186a2b4fc59bd7",
            "timeouts": null
          },
          "sensitive_attributes": [],
          "private": "eyJlMmJmYjczMC1lY2FhLTExZTYtOGY4OC0zNDM2M2JjN2M0YzAiOnsiY3JlYXRlIjozMDAwMDAwMDAwMDAsImRlbGV0ZSI6MzAwMDAwMDAwMDAwLCJ1cGRhdGUiOjEyMDAwMDAwMDAwMH19",
          "dependencies": [
            "aws_internet_gateway.igw",
            "aws_route_table.web-rt",
            "aws_subnet.lamp-subnet",
            "aws_vpc.lamp-vpc"
          ]
        }
      ]
    },
    {
      "mode": "managed",
      "type": "aws_security_group",
      "name": "lamp-sg",
      "provider": "provider[\"registry.terraform.io/hashicorp/aws\"]",
      "instances": [
        {
          "schema_version": 1,
          "attributes": {
            "arn": "arn:aws:ec2:us-east-1:307806086771:security-group/sg-0635a68be8bf25943",
            "description": "Allow ssh inbound traffic",
            "egress": [
              {
                "cidr_blocks": [
                  "0.0.0.0/0"
                ],
                "description": "",
                "from_port": 0,
                "ipv6_cidr_blocks": [],
                "prefix_list_ids": [],
                "protocol": "-1",
                "security_groups": [],
                "self": false,
                "to_port": 0
              }
            ],
            "id": "sg-0635a68be8bf25943",
            "ingress": [
              {
                "cidr_blocks": [
                  "0.0.0.0/0"
                ],
                "description": "http port",
                "from_port": 80,
                "ipv6_cidr_blocks": [],
                "prefix_list_ids": [],
                "protocol": "tcp",
                "security_groups": [],
                "self": false,
                "to_port": 80
              },
              {
                "cidr_blocks": [
                  "0.0.0.0/0"
                ],
                "description": "ssh from VPC",
                "from_port": 22,
                "ipv6_cidr_blocks": [],
                "prefix_list_ids": [],
                "protocol": "tcp",
                "security_groups": [],
                "self": false,
                "to_port": 22
              }
            ],
            "name": "Lamp security group",
            "name_prefix": "",
            "owner_id": "307806086771",
            "revoke_rules_on_delete": false,
            "tags": {
              "Name": "Lamp-SG"
            },
            "tags_all": {
              "Name": "Lamp-SG"
            },
            "timeouts": null,
            "vpc_id": "vpc-062074f0f4f97c8bd"
          },
          "sensitive_attributes": [],
          "private": "eyJlMmJmYjczMC1lY2FhLTExZTYtOGY4OC0zNDM2M2JjN2M0YzAiOnsiY3JlYXRlIjo2MDAwMDAwMDAwMDAsImRlbGV0ZSI6OTAwMDAwMDAwMDAwfSwic2NoZW1hX3ZlcnNpb24iOiIxIn0=",
          "dependencies": [
            "aws_vpc.lamp-vpc"
          ]
        }
      ]
    },
    {
      "mode": "managed",
      "type": "aws_subnet",
      "name": "lamp-subnet",
      "provider": "provider[\"registry.terraform.io/hashicorp/aws\"]",
      "instances": [
        {
          "schema_version": 1,
          "attributes": {
            "arn": "arn:aws:ec2:us-east-1:307806086771:subnet/subnet-0c9186a2b4fc59bd7",
            "assign_ipv6_address_on_creation": false,
            "availability_zone": "us-east-1d",
            "availability_zone_id": "use1-az2",
            "cidr_block": "10.0.1.0/24",
            "customer_owned_ipv4_pool": "",
            "enable_dns64": false,
            "enable_lni_at_device_index": 0,
            "enable_resource_name_dns_a_record_on_launch": false,
            "enable_resource_name_dns_aaaa_record_on_launch": false,
            "id": "subnet-0c9186a2b4fc59bd7",
            "ipv6_cidr_block": "",
            "ipv6_cidr_block_association_id": "",
            "ipv6_native": false,
            "map_customer_owned_ip_on_launch": false,
            "map_public_ip_on_launch": true,
            "outpost_arn": "",
            "owner_id": "307806086771",
            "private_dns_hostname_type_on_launch": "ip-name",
            "tags": {
              "Name": "lamp-subnet"
            },
            "tags_all": {
              "Name": "lamp-subnet"
            },
            "timeouts": null,
            "vpc_id": "vpc-062074f0f4f97c8bd"
          },
          "sensitive_attributes": [],
          "private": "eyJlMmJmYjczMC1lY2FhLTExZTYtOGY4OC0zNDM2M2JjN2M0YzAiOnsiY3JlYXRlIjo2MDAwMDAwMDAwMDAsImRlbGV0ZSI6MTIwMDAwMDAwMDAwMH0sInNjaGVtYV92ZXJzaW9uIjoiMSJ9",
          "dependencies": [
            "aws_vpc.lamp-vpc"
          ]
        }
      ]
    },
    {
      "mode": "managed",
      "type": "aws_vpc",
      "name": "lamp-vpc",
      "provider": "provider[\"registry.terraform.io/hashicorp/aws\"]",
      "instances": [
        {
          "schema_version": 1,
          "attributes": {
            "arn": "arn:aws:ec2:us-east-1:307806086771:vpc/vpc-062074f0f4f97c8bd",
            "assign_generated_ipv6_cidr_block": false,
            "cidr_block": "10.0.0.0/16",
            "default_network_acl_id": "acl-0aa537f7509f6e35b",
            "default_route_table_id": "rtb-0f244e956abcc565f",
            "default_security_group_id": "sg-04bf10366c36032d1",
            "dhcp_options_id": "dopt-09d2f303171e81560",
            "enable_dns_hostnames": true,
            "enable_dns_support": true,
            "enable_network_address_usage_metrics": false,
            "id": "vpc-062074f0f4f97c8bd",
            "instance_tenancy": "default",
            "ipv4_ipam_pool_id": null,
            "ipv4_netmask_length": null,
            "ipv6_association_id": "",
            "ipv6_cidr_block": "",
            "ipv6_cidr_block_network_border_group": "",
            "ipv6_ipam_pool_id": "",
            "ipv6_netmask_length": 0,
            "main_route_table_id": "rtb-0f244e956abcc565f",
            "owner_id": "307806086771",
            "tags": {
              "Name": "Lamp VPC"
            },
            "tags_all": {
              "Name": "Lamp VPC"
            }
          },
          "sensitive_attributes": [],
          "private": "eyJzY2hlbWFfdmVyc2lvbiI6IjEifQ=="
        }
      ]
    },
    {
      "mode": "managed",
      "type": "local_file",
      "name": "ssh_key",
      "provider": "provider[\"registry.terraform.io/hashicorp/local\"]",
      "instances": [
        {
          "schema_version": 0,
          "attributes": {
            "content": "-----BEGIN RSA PRIVATE KEY-----\nMIIEpAIBAAKCAQEA02ZF4t2tKbj2jTefQi9nmSiGOptvb8rDPRWR8Sr1Cpr54Rw0\nKug5394b7g4vXQa8c31LYPrwru+vS1NLjqj1l7nDFB0B+aDNQEWPf3siiHqZ27ce\nnY6juOtIrrDnynulGQn8YERWYldF/DX3qHeHGDvHDA2u3AqT2bX9HbBEUZGYn0+p\nj6LAMUcSI+p6T6eOA4/iQLz9KIG/HO7NChJSX9KwsobCZB6mSfPBiQ4MI8EvRQ2j\n3H+H9wAaj7Eo5YbMPhqEZVcfGunEggP5GVb5qEs+3woNrl5xRaIyf22BkcvCW4V4\ntsT2Y9d/dJm8UrMQbzUTGvOtft9NLBdTy0ClzwIDAQABAoIBAQCgGhrfoIeey6he\ndzu0QnaxdhGCnWmePu/yeT2YarI+n/STWmrf/BSoyWxZtICGca2Twdau0h4qPviB\nkcntd2TYziVCPF3ckr4f6Q6uu7EBr+iKkHstVHQGfpsDQpOptE7rUbbDqb3KqNIm\nGzE/c5bq8YrkRBCkMZacEcprC64SH1QWZXyqJWgJa4pgsp17+6OekdqvYfGnMVIs\noFBzwap0mT5WMN9eie046jCGNhWJmR+14AXK59CJvZRx+0+SLIMUOqkcm3cf9FUw\naUHSewlmkdpx5PKh9GKN7MwyWE1F7ya4WAMwnWZKTMCBG9uPP2kmKwv9wk0HKz8Z\nKnJWfQnhAoGBAOZ6roShF/mu4vqW6swDiIll5XlzOx8CY2kjaRxr5wp1xTsJgTix\ns81mcYewab19yojC6THCJE9l0A+UKXr9kpjmzX0wbHnQ8bAEUQBI4fKGJoJ5/fc4\n6WVeGpiq+kRPqIPb7llMolI+i+sSlOynjjHYfiv2CjvjcMHL2E3zvl93AoGBAOrO\nvqbGZ3GhCmEJiGQwCVuF4XzcLDZ25OxIQgupg/j6hyrgLsgT7vrVLFTkNnLGXG/n\nObUra5LsSIftHthYw450P1+yaX8yXraloM4cA4mIpGqC8deknU4oyfhi4lbcN98s\n5b1XgKGmoC7rlaXYAEyImhH696941Qm326/gu/JpAoGAYJ65npwyAtgQC2FNGS26\nBW+UHa/y7vL/XcocfG+3sajhf/hiFbRZXhg+K9YG3gtn5qFfRR7QPgC+kmlYYlj/\nJd5L8tlkAEVZrKKCmo3zOsqGRliB4SwYnAgxOiMjO5PxXyXJ6+G2gqf53Bg0Gmm7\nsKXDbwZ8D9MvJ+8exL8T5c0CgYA4Bk5dEpfZ99e3IYQmi4OgD8imdw4hjKrAadlA\nWRkBDh20MDtZR9BMjxJ9ytnm9sdVd/E/9fU74B7KN9yVOFCoq7n3RmV/kPAiWlCM\n/QgnB7BbLZUwo7lYzciq+EUS/oZiPJ8wVzF84Hn12AYjxO8FU86XHa99cbI7GGBV\njaSqiQKBgQCqSecUoSW+ZbV2wh430HZJKfxWYuCt9HrCVENL6u4SGzzi+cULgnl0\nyGCO3fSMBqvr2xROKV5FANc27YfpCOcvJXtB1e2W3sg4gnmh1SneyAHF19GlitHT\nol0se5nOmXe9afEe89pvkb1IvmITfkktWntjyhRt3H6ixELVHbzsog==\n-----END RSA PRIVATE KEY-----\n",
            "content_base64": null,
            "content_base64sha256": "1OV3AxywrfQ6RhWJ0+JIK320i4B08x0a17AS4bddmFs=",
            "content_base64sha512": "B2UJNfDtrRoTFvdL/4l9Hsb2VTbPRqgkiGnQBcAoNQ3Hg4ZqeuhMaaFNWSlk0HzSaJIaLMa8bKJmfNRQCamGTQ==",
            "content_md5": "32a1507b1365db2a6087311548b30397",
            "content_sha1": "57927c7e96807fac40cae3af952ad25a609240fb",
            "content_sha256": "d4e577031cb0adf43a461589d3e2482b7db48b8074f31d1ad7b012e1b75d985b",
            "content_sha512": "07650935f0edad1a1316f74bff897d1ec6f65536cf46a8248869d005c028350dc783866a7ae84c69a14d592964d07cd268921a2cc6bc6ca2667cd45009a9864d",
            "directory_permission": "0777",
            "file_permission": "400",
            "filename": "lamp_key_pair.pem",
            "id": "57927c7e96807fac40cae3af952ad25a609240fb",
            "sensitive_content": null,
            "source": null
          },
          "sensitive_attributes": [
            [
              {
                "type": "get_attr",
                "value": "content"
              }
            ]
          ],
          "dependencies": [
            "tls_private_key.lamp_key"
          ]
        }
      ]
    },
    {
      "mode": "managed",
      "type": "null_resource",
      "name": "name",
      "provider": "provider[\"registry.terraform.io/hashicorp/null\"]",
      "instances": [
        {
          "schema_version": 0,
          "attributes": {
            "id": "6658558546628553919",
            "triggers": null
          },
          "sensitive_attributes": [],
          "dependencies": [
            "aws_instance.lamp_server",
            "aws_key_pair.lamp_key",
            "aws_security_group.lamp-sg",
            "aws_subnet.lamp-subnet",
            "aws_vpc.lamp-vpc",
            "data.aws_ami.amazon_linux_2",
            "local_file.ssh_key",
            "tls_private_key.lamp_key"
          ]
        }
      ]
    },
    {
      "mode": "managed",
      "type": "tls_private_key",
      "name": "lamp_key",
      "provider": "provider[\"registry.terraform.io/hashicorp/tls\"]",
      "instances": [
        {
          "schema_version": 1,
          "attributes": {
            "algorithm": "RSA",
            "ecdsa_curve": "P224",
            "id": "a85f880bd6eadbd70ddbd80e91ecd35b295840d7",
            "private_key_openssh": "-----BEGIN OPENSSH PRIVATE KEY-----\nb3BlbnNzaC1rZXktdjEAAAAABG5vbmUAAAAEbm9uZQAAAAAAAAABAAABFwAAAAdz\nc2gtcnNhAAAAAwEAAQAAAQEA02ZF4t2tKbj2jTefQi9nmSiGOptvb8rDPRWR8Sr1\nCpr54Rw0Kug5394b7g4vXQa8c31LYPrwru+vS1NLjqj1l7nDFB0B+aDNQEWPf3si\niHqZ27cenY6juOtIrrDnynulGQn8YERWYldF/DX3qHeHGDvHDA2u3AqT2bX9HbBE\nUZGYn0+pj6LAMUcSI+p6T6eOA4/iQLz9KIG/HO7NChJSX9KwsobCZB6mSfPBiQ4M\nI8EvRQ2j3H+H9wAaj7Eo5YbMPhqEZVcfGunEggP5GVb5qEs+3woNrl5xRaIyf22B\nkcvCW4V4tsT2Y9d/dJm8UrMQbzUTGvOtft9NLBdTy0ClzwAAA7jU0HZc1NB2XAAA\nAAdzc2gtcnNhAAABAQDTZkXi3a0puPaNN59CL2eZKIY6m29vysM9FZHxKvUKmvnh\nHDQq6Dnf3hvuDi9dBrxzfUtg+vCu769LU0uOqPWXucMUHQH5oM1ARY9/eyKIepnb\ntx6djqO460iusOfKe6UZCfxgRFZiV0X8Nfeod4cYO8cMDa7cCpPZtf0dsERRkZif\nT6mPosAxRxIj6npPp44Dj+JAvP0ogb8c7s0KElJf0rCyhsJkHqZJ88GJDgwjwS9F\nDaPcf4f3ABqPsSjlhsw+GoRlVx8a6cSCA/kZVvmoSz7fCg2uXnFFojJ/bYGRy8Jb\nhXi2xPZj1390mbxSsxBvNRMa861+300sF1PLQKXPAAAAAwEAAQAAAQEAoBoa36CH\nnsuoXnc7tEJ2sXYRgp1pnj7v8nk9mGqyPp/0k1pq3/wUqMlsWbSAhnGtk8HWrtIe\nKj74gZHJ7Xdk2M4lQjxd3JK+H+kOrruxAa/oipB7LVR0Bn6bA0KTqbRO61G2w6m9\nyqjSJhsxP3OW6vGK5EQQpDGWnBHKawuuEh9UFmV8qiVoCWuKYLKde/ujnpHar2Hx\npzFSLKBQc8GqdJk+VjDfXontOOowhjYViZkfteAFyufQib2UcftPkiyDFDqpHJt3\nH/RVMGlB0nsJZpHaceTyofRijezMMlhNRe8muFgDMJ1mSkzAgRvbjz9pJisL/cJN\nBys/GSpyVn0J4QAAAIEAqknnFKElvmW1dsIeN9B2SSn8VmLgrfR6wlRDS+ruEhs8\n4vnFC4J5dMhgjt30jAar69sUTileRQDXNu2H6QjnLyV7QdXtlt7IOIJ5odUp3sgB\nxdfRpYrR06JdLHuZzpl3vWnxHvPab5G9SL5iE35JLVp7Y8oUbdx+osRC1R287KIA\nAACBAOZ6roShF/mu4vqW6swDiIll5XlzOx8CY2kjaRxr5wp1xTsJgTixs81mcYew\nab19yojC6THCJE9l0A+UKXr9kpjmzX0wbHnQ8bAEUQBI4fKGJoJ5/fc46WVeGpiq\n+kRPqIPb7llMolI+i+sSlOynjjHYfiv2CjvjcMHL2E3zvl93AAAAgQDqzr6mxmdx\noQphCYhkMAlbheF83Cw2duTsSEILqYP4+ocq4C7IE+761SxU5DZyxlxv5zm1K2uS\n7EiH7R7YWMOOdD9fsml/Ml62paDOHAOJiKRqgvHXpJ1OKMn4YuJW3DffLOW9V4Ch\npqAu65Wl2ABMiJoR+veveNUJt9uv4LvyaQAAAAAB\n-----END OPENSSH PRIVATE KEY-----\n",
            "private_key_pem": "-----BEGIN RSA PRIVATE KEY-----\nMIIEpAIBAAKCAQEA02ZF4t2tKbj2jTefQi9nmSiGOptvb8rDPRWR8Sr1Cpr54Rw0\nKug5394b7g4vXQa8c31LYPrwru+vS1NLjqj1l7nDFB0B+aDNQEWPf3siiHqZ27ce\nnY6juOtIrrDnynulGQn8YERWYldF/DX3qHeHGDvHDA2u3AqT2bX9HbBEUZGYn0+p\nj6LAMUcSI+p6T6eOA4/iQLz9KIG/HO7NChJSX9KwsobCZB6mSfPBiQ4MI8EvRQ2j\n3H+H9wAaj7Eo5YbMPhqEZVcfGunEggP5GVb5qEs+3woNrl5xRaIyf22BkcvCW4V4\ntsT2Y9d/dJm8UrMQbzUTGvOtft9NLBdTy0ClzwIDAQABAoIBAQCgGhrfoIeey6he\ndzu0QnaxdhGCnWmePu/yeT2YarI+n/STWmrf/BSoyWxZtICGca2Twdau0h4qPviB\nkcntd2TYziVCPF3ckr4f6Q6uu7EBr+iKkHstVHQGfpsDQpOptE7rUbbDqb3KqNIm\nGzE/c5bq8YrkRBCkMZacEcprC64SH1QWZXyqJWgJa4pgsp17+6OekdqvYfGnMVIs\noFBzwap0mT5WMN9eie046jCGNhWJmR+14AXK59CJvZRx+0+SLIMUOqkcm3cf9FUw\naUHSewlmkdpx5PKh9GKN7MwyWE1F7ya4WAMwnWZKTMCBG9uPP2kmKwv9wk0HKz8Z\nKnJWfQnhAoGBAOZ6roShF/mu4vqW6swDiIll5XlzOx8CY2kjaRxr5wp1xTsJgTix\ns81mcYewab19yojC6THCJE9l0A+UKXr9kpjmzX0wbHnQ8bAEUQBI4fKGJoJ5/fc4\n6WVeGpiq+kRPqIPb7llMolI+i+sSlOynjjHYfiv2CjvjcMHL2E3zvl93AoGBAOrO\nvqbGZ3GhCmEJiGQwCVuF4XzcLDZ25OxIQgupg/j6hyrgLsgT7vrVLFTkNnLGXG/n\nObUra5LsSIftHthYw450P1+yaX8yXraloM4cA4mIpGqC8deknU4oyfhi4lbcN98s\n5b1XgKGmoC7rlaXYAEyImhH696941Qm326/gu/JpAoGAYJ65npwyAtgQC2FNGS26\nBW+UHa/y7vL/XcocfG+3sajhf/hiFbRZXhg+K9YG3gtn5qFfRR7QPgC+kmlYYlj/\nJd5L8tlkAEVZrKKCmo3zOsqGRliB4SwYnAgxOiMjO5PxXyXJ6+G2gqf53Bg0Gmm7\nsKXDbwZ8D9MvJ+8exL8T5c0CgYA4Bk5dEpfZ99e3IYQmi4OgD8imdw4hjKrAadlA\nWRkBDh20MDtZR9BMjxJ9ytnm9sdVd/E/9fU74B7KN9yVOFCoq7n3RmV/kPAiWlCM\n/QgnB7BbLZUwo7lYzciq+EUS/oZiPJ8wVzF84Hn12AYjxO8FU86XHa99cbI7GGBV\njaSqiQKBgQCqSecUoSW+ZbV2wh430HZJKfxWYuCt9HrCVENL6u4SGzzi+cULgnl0\nyGCO3fSMBqvr2xROKV5FANc27YfpCOcvJXtB1e2W3sg4gnmh1SneyAHF19GlitHT\nol0se5nOmXe9afEe89pvkb1IvmITfkktWntjyhRt3H6ixELVHbzsog==\n-----END RSA PRIVATE KEY-----\n",
            "private_key_pem_pkcs8": "-----BEGIN PRIVATE KEY-----\nMIIEvgIBADANBgkqhkiG9w0BAQEFAASCBKgwggSkAgEAAoIBAQDTZkXi3a0puPaN\nN59CL2eZKIY6m29vysM9FZHxKvUKmvnhHDQq6Dnf3hvuDi9dBrxzfUtg+vCu769L\nU0uOqPWXucMUHQH5oM1ARY9/eyKIepnbtx6djqO460iusOfKe6UZCfxgRFZiV0X8\nNfeod4cYO8cMDa7cCpPZtf0dsERRkZifT6mPosAxRxIj6npPp44Dj+JAvP0ogb8c\n7s0KElJf0rCyhsJkHqZJ88GJDgwjwS9FDaPcf4f3ABqPsSjlhsw+GoRlVx8a6cSC\nA/kZVvmoSz7fCg2uXnFFojJ/bYGRy8JbhXi2xPZj1390mbxSsxBvNRMa861+300s\nF1PLQKXPAgMBAAECggEBAKAaGt+gh57LqF53O7RCdrF2EYKdaZ4+7/J5PZhqsj6f\n9JNaat/8FKjJbFm0gIZxrZPB1q7SHio++IGRye13ZNjOJUI8XdySvh/pDq67sQGv\n6IqQey1UdAZ+mwNCk6m0TutRtsOpvcqo0iYbMT9zlurxiuREEKQxlpwRymsLrhIf\nVBZlfKolaAlrimCynXv7o56R2q9h8acxUiygUHPBqnSZPlYw316J7TjqMIY2FYmZ\nH7XgBcrn0Im9lHH7T5IsgxQ6qRybdx/0VTBpQdJ7CWaR2nHk8qH0Yo3szDJYTUXv\nJrhYAzCdZkpMwIEb248/aSYrC/3CTQcrPxkqclZ9CeECgYEA5nquhKEX+a7i+pbq\nzAOIiWXleXM7HwJjaSNpHGvnCnXFOwmBOLGzzWZxh7BpvX3KiMLpMcIkT2XQD5Qp\nev2SmObNfTBsedDxsARRAEjh8oYmgnn99zjpZV4amKr6RE+og9vuWUyiUj6L6xKU\n7KeOMdh+K/YKO+NwwcvYTfO+X3cCgYEA6s6+psZncaEKYQmIZDAJW4XhfNwsNnbk\n7EhCC6mD+PqHKuAuyBPu+tUsVOQ2csZcb+c5tStrkuxIh+0e2FjDjnQ/X7JpfzJe\ntqWgzhwDiYikaoLx16SdTijJ+GLiVtw33yzlvVeAoaagLuuVpdgATIiaEfr3r3jV\nCbfbr+C78mkCgYBgnrmenDIC2BALYU0ZLboFb5Qdr/Lu8v9dyhx8b7exqOF/+GIV\ntFleGD4r1gbeC2fmoV9FHtA+AL6SaVhiWP8l3kvy2WQARVmsooKajfM6yoZGWIHh\nLBicCDE6IyM7k/FfJcnr4baCp/ncGDQaabuwpcNvBnwP0y8n7x7EvxPlzQKBgDgG\nTl0Sl9n317chhCaLg6APyKZ3DiGMqsBp2UBZGQEOHbQwO1lH0EyPEn3K2eb2x1V3\n8T/19TvgHso33JU4UKirufdGZX+Q8CJaUIz9CCcHsFstlTCjuVjNyKr4RRL+hmI8\nnzBXMXzgefXYBiPE7wVTzpcdr31xsjsYYFWNpKqJAoGBAKpJ5xShJb5ltXbCHjfQ\ndkkp/FZi4K30esJUQ0vq7hIbPOL5xQuCeXTIYI7d9IwGq+vbFE4pXkUA1zbth+kI\n5y8le0HV7ZbeyDiCeaHVKd7IAcXX0aWK0dOiXSx7mc6Zd71p8R7z2m+RvUi+YhN+\nSS1ae2PKFG3cfqLEQtUdvOyi\n-----END PRIVATE KEY-----\n",
            "public_key_fingerprint_md5": "d5:45:7d:49:25:a1:6a:c3:b8:af:10:a4:c9:79:d7:34",
            "public_key_fingerprint_sha256": "SHA256:98Lnajbjvs2AKs7L6WauoYKOTy0mnBMZHs7c7dINimA",
            "public_key_openssh": "ssh-rsa AAAAB3NzaC1yc2EAAAADAQABAAABAQDTZkXi3a0puPaNN59CL2eZKIY6m29vysM9FZHxKvUKmvnhHDQq6Dnf3hvuDi9dBrxzfUtg+vCu769LU0uOqPWXucMUHQH5oM1ARY9/eyKIepnbtx6djqO460iusOfKe6UZCfxgRFZiV0X8Nfeod4cYO8cMDa7cCpPZtf0dsERRkZifT6mPosAxRxIj6npPp44Dj+JAvP0ogb8c7s0KElJf0rCyhsJkHqZJ88GJDgwjwS9FDaPcf4f3ABqPsSjlhsw+GoRlVx8a6cSCA/kZVvmoSz7fCg2uXnFFojJ/bYGRy8JbhXi2xPZj1390mbxSsxBvNRMa861+300sF1PLQKXP\n",
            "public_key_pem": "-----BEGIN PUBLIC KEY-----\nMIIBIjANBgkqhkiG9w0BAQEFAAOCAQ8AMIIBCgKCAQEA02ZF4t2tKbj2jTefQi9n\nmSiGOptvb8rDPRWR8Sr1Cpr54Rw0Kug5394b7g4vXQa8c31LYPrwru+vS1NLjqj1\nl7nDFB0B+aDNQEWPf3siiHqZ27cenY6juOtIrrDnynulGQn8YERWYldF/DX3qHeH\nGDvHDA2u3AqT2bX9HbBEUZGYn0+pj6LAMUcSI+p6T6eOA4/iQLz9KIG/HO7NChJS\nX9KwsobCZB6mSfPBiQ4MI8EvRQ2j3H+H9wAaj7Eo5YbMPhqEZVcfGunEggP5GVb5\nqEs+3woNrl5xRaIyf22BkcvCW4V4tsT2Y9d/dJm8UrMQbzUTGvOtft9NLBdTy0Cl\nzwIDAQAB\n-----END PUBLIC KEY-----\n",
            "rsa_bits": 2048
          },
          "sensitive_attributes": []
        }
      ]
    }
  ],
  "check_results": null
}
